Microsoft Visual Studio Solution File, Format Version 12.00
Project("{FAE04EC0-301F-11D3-BF4B-00C04F79EFBC}") = "ConsoleApp", "ConsoleApp\ConsoleApp.csproj", "{A44085E1-9E7E-4F1B-BECE-149DB2F5039D}"
EndProject
Project("{FAE04EC0-301F-11D3-BF4B-00C04F79EFBC}") = "MenuSystem", "MenuSystem\MenuSystem.csproj", "{E99EC332-AF14-446A-B26A-27C115225334}"
EndProject
Project("{FAE04EC0-301F-11D3-BF4B-00C04F79EFBC}") = "ConsoleUI", "ConsoleUI\ConsoleUI.csproj", "{8B5105FF-6078-4CE1-B75E-A57C5C4FAC1D}"
EndProject
Project("{FAE04EC0-301F-11D3-BF4B-00C04F79EFBC}") = "GameEngine", "GameEngine\GameEngine.csproj", "{971A69D3-11A7-4EED-BB00-3CCFDD630B94}"
EndProject
Project("{FAE04EC0-301F-11D3-BF4B-00C04F79EFBC}") = "DAL", "DAL\DAL.csproj", "{B103CA73-8463-4F46-8654-B34EBF486280}"
EndProject
Project("{FAE04EC0-301F-11D3-BF4B-00C04F79EFBC}") = "Domain", "Domain\Domain.csproj", "{ADF0D90A-B95F-48FA-965C-281F79D34766}"
EndProject
Project("{FAE04EC0-301F-11D3-BF4B-00C04F79EFBC}") = "WebApplication", "WebApplication\WebApplication.csproj", "{0FA82330-72AF-4370-B522-BE07087FABCA}"
EndProject
Global
	GlobalSection(SolutionConfigurationPlatforms) = preSolution
		Debug|Any CPU = Debug|Any CPU
		Release|Any CPU = Release|Any CPU
	EndGlobalSection
	GlobalSection(ProjectConfigurationPlatforms) = postSolution
		{A44085E1-9E7E-4F1B-BECE-149DB2F5039D}.Debug|Any CPU.ActiveCfg = Debug|Any CPU
		{A44085E1-9E7E-4F1B-BECE-149DB2F5039D}.Debug|Any CPU.Build.0 = Debug|Any CPU
		{A44085E1-9E7E-4F1B-BECE-149DB2F5039D}.Release|Any CPU.ActiveCfg = Release|Any CPU
		{A44085E1-9E7E-4F1B-BECE-149DB2F5039D}.Release|Any CPU.Build.0 = Release|Any CPU
		{E99EC332-AF14-446A-B26A-27C115225334}.Debug|Any CPU.ActiveCfg = Debug|Any CPU
		{E99EC332-AF14-446A-B26A-27C115225334}.Debug|Any CPU.Build.0 = Debug|Any CPU
		{E99EC332-AF14-446A-B26A-27C115225334}.Release|Any CPU.ActiveCfg = Release|Any CPU
		{E99EC332-AF14-446A-B26A-27C115225334}.Release|Any CPU.Build.0 = Release|Any CPU
		{8B5105FF-6078-4CE1-B75E-A57C5C4FAC1D}.Debug|Any CPU.ActiveCfg = Debug|Any CPU
		{8B5105FF-6078-4CE1-B75E-A57C5C4FAC1D}.Debug|Any CPU.Build.0 = Debug|Any CPU
		{8B5105FF-6078-4CE1-B75E-A57C5C4FAC1D}.Release|Any CPU.ActiveCfg = Release|Any CPU
		{8B5105FF-6078-4CE1-B75E-A57C5C4FAC1D}.Release|Any CPU.Build.0 = Release|Any CPU
		{971A69D3-11A7-4EED-BB00-3CCFDD630B94}.Debug|Any CPU.ActiveCfg = Debug|Any CPU
		{971A69D3-11A7-4EED-BB00-3CCFDD630B94}.Debug|Any CPU.Build.0 = Debug|Any CPU
		{971A69D3-11A7-4EED-BB00-3CCFDD630B94}.Release|Any CPU.ActiveCfg = Release|Any CPU
		{971A69D3-11A7-4EED-BB00-3CCFDD630B94}.Release|Any CPU.Build.0 = Release|Any CPU
		{B103CA73-8463-4F46-8654-B34EBF486280}.Debug|Any CPU.ActiveCfg = Debug|Any CPU
		{B103CA73-8463-4F46-8654-B34EBF486280}.Debug|Any CPU.Build.0 = Debug|Any CPU
		{B103CA73-8463-4F46-8654-B34EBF486280}.Release|Any CPU.ActiveCfg = Release|Any CPU
		{B103CA73-8463-4F46-8654-B34EBF486280}.Release|Any CPU.Build.0 = Release|Any CPU
		{ADF0D90A-B95F-48FA-965C-281F79D34766}.Debug|Any CPU.ActiveCfg = Debug|Any CPU
		{ADF0D90A-B95F-48FA-965C-281F79D34766}.Debug|Any CPU.Build.0 = Debug|Any CPU
		{ADF0D90A-B95F-48FA-965C-281F79D34766}.Release|Any CPU.ActiveCfg = Release|Any CPU
		{ADF0D90A-B95F-48FA-965C-281F79D34766}.Release|Any CPU.Build.0 = Release|Any CPU
		{0FA82330-72AF-4370-B522-BE07087FABCA}.Debug|Any CPU.ActiveCfg = Debug|Any CPU
		{0FA82330-72AF-4370-B522-BE07087FABCA}.Debug|Any CPU.Build.0 = Debug|Any CPU
		{0FA82330-72AF-4370-B522-BE07087FABCA}.Release|Any CPU.ActiveCfg = Release|Any CPU
		{0FA82330-72AF-4370-B522-BE07087FABCA}.Release|Any CPU.Build.0 = Release|Any CPU
	EndGlobalSection
EndGlobal
